// !$*UTF8*$!
{
	archiveVersion = 1;
	classes = {
	};
	objectVersion = 46;
	objects = {

/* Begin PBXBuildFile section */
		1C0E8C9F1E7F7448006D41F5 /* main.m in Sources */ = {isa = PBXBuildFile; fileRef = 1C0E8C9E1E7F7448006D41F5 /* main.m */; };
		1C0E8CA21E7F7448006D41F5 /* AppDelegate.m in Sources */ = {isa = PBXBuildFile; fileRef = 1C0E8CA11E7F7448006D41F5 /* AppDelegate.m */; };
		1C0E8CA81E7F7448006D41F5 /* Main.storyboard in Resources */ = {isa = PBXBuildFile; fileRef = 1C0E8CA61E7F7448006D41F5 /* Main.storyboard */; };
		1C0E8CAA1E7F7448006D41F5 /* Assets.xcassets in Resources */ = {isa = PBXBuildFile; fileRef = 1C0E8CA91E7F7448006D41F5 /* Assets.xcassets */; };
		1C0E8CAD1E7F7448006D41F5 /* LaunchScreen.storyboard in Resources */ = {isa = PBXBuildFile; fileRef = 1C0E8CAB1E7F7448006D41F5 /* LaunchScreen.storyboard */; };
		1C0E8CB91E7F74D1006D41F5 /* DSTabBar.m in Sources */ = {isa = PBXBuildFile; fileRef = 1C0E8CB61E7F74D1006D41F5 /* DSTabBar.m */; };
		1C0E8CBA1E7F74D1006D41F5 /* DSTabBarController.m in Sources */ = {isa = PBXBuildFile; fileRef = 1C0E8CB81E7F74D1006D41F5 /* DSTabBarController.m */; };
		1CF00DED1E7FB8B800FF35E0 /* DSFirstTableViewController.m in Sources */ = {isa = PBXBuildFile; fileRef = 1CF00DEC1E7FB8B800FF35E0 /* DSFirstTableViewController.m */; };
		1CF00DF31E7FC3DB00FF35E0 /* DSSecondViewController.m in Sources */ = {isa = PBXBuildFile; fileRef = 1CF00DF21E7FC3DB00FF35E0 /* DSSecondViewController.m */; };
/* End PBXBuildFile section */

/* Begin PBXFileReference section */
		1C0E8C9A1E7F7448006D41F5 /* DSTabBarControllerDemo.app */ = {isa = PBXFileReference; explicitFileType = wrapper.application; includeInIndex = 0; path = DSTabBarControllerDemo.app; sourceTree = BUILT_PRODUCTS_DIR; };
		1C0E8C9E1E7F7448006D41F5 /* main.m */ = {isa = PBXFileReference; lastKnownFileType = sourcecode.c.objc; path = main.m; sourceTree = "<group>"; };
		1C0E8CA01E7F7448006D41F5 /* AppDelegate.h */ = {isa = PBXFileReference; lastKnownFileType = sourcecode.c.h; path = AppDelegate.h; sourceTree = "<group>"; };
		1C0E8CA11E7F7448006D41F5 /* AppDelegate.m */ = {isa = PBXFileReference; lastKnownFileType = sourcecode.c.objc; path = AppDelegate.m; sourceTree = "<group>"; };
		1C0E8CA71E7F7448006D41F5 /* Base */ = {isa = PBXFileReference; lastKnownFileType = file.storyboard; name = Base; path = Base.lproj/Main.storyboard; sourceTree = "<group>"; };
		1C0E8CA91E7F7448006D41F5 /* Assets.xcassets */ = {isa = PBXFileReference; lastKnownFileType = folder.assetcatalog; path = Assets.xcassets; sourceTree = "<group>"; };
		1C0E8CAC1E7F7448006D41F5 /* Base */ = {isa = PBXFileReference; lastKnownFileType = file.storyboard; name = Base; path = Base.lproj/LaunchScreen.storyboard; sourceTree = "<group>"; };
		1C0E8CAE1E7F7448006D41F5 /* Info.plist */ = {isa = PBXFileReference; lastKnownFileType = text.plist.xml; path = Info.plist; sourceTree = "<group>"; };
		1C0E8CB51E7F74D1006D41F5 /* DSTabBar.h */ = {isa = PBXFileReference; fileEncoding = 4; lastKnownFileType = sourcecode.c.h; path = DSTabBar.h; sourceTree = "<group>"; };
		1C0E8CB61E7F74D1006D41F5 /* DSTabBar.m */ = {isa = PBXFileReference; fileEncoding = 4; lastKnownFileType = sourcecode.c.objc; path = DSTabBar.m; sourceTree = "<group>"; };
		1C0E8CB71E7F74D1006D41F5 /* DSTabBarController.h */ = {isa = PBXFileReference; fileEncoding = 4; lastKnownFileType = sourcecode.c.h; path = DSTabBarController.h; sourceTree = "<group>"; };
		1C0E8CB81E7F74D1006D41F5 /* DSTabBarController.m */ = {isa = PBXFileReference; fileEncoding = 4; lastKnownFileType = sourcecode.c.objc; path = DSTabBarController.m; sourceTree = "<group>"; };
		1CF00DEB1E7FB8B800FF35E0 /* DSFirstTableViewController.h */ = {isa = PBXFileReference; fileEncoding = 4; lastKnownFileType = sourcecode.c.h; path = DSFirstTableViewController.h; sourceTree = "<group>"; };
		1CF00DEC1E7FB8B800FF35E0 /* DSFirstTableViewController.m */ = {isa = PBXFileReference; fileEncoding = 4; lastKnownFileType = sourcecode.c.objc; path = DSFirstTableViewController.m; sourceTree = "<group>"; };
		1CF00DF11E7FC3DB00FF35E0 /* DSSecondViewController.h */ = {isa = PBXFileReference; fileEncoding = 4; lastKnownFileType = sourcecode.c.h; path = DSSecondViewController.h; sourceTree = "<group>"; };
		1CF00DF21E7FC3DB00FF35E0 /* DSSecondViewController.m */ = {isa = PBXFileReference; fileEncoding = 4; lastKnownFileType = sourcecode.c.objc; path = DSSecondViewController.m; sourceTree = "<group>"; };
/* End PBXFileReference section */

/* Begin PBXFrameworksBuildPhase section */
		1C0E8C971E7F7448006D41F5 /* Frameworks */ = {
			isa = PBXFrameworksBuildPhase;
			buildActionMask = 2147483647;
			files = (
			);
			runOnlyForDeploymentPostprocessing = 0;
		};
/* End PBXFrameworksBuildPhase section */

/* Begin PBXGroup section */
		1C0E8C911E7F7448006D41F5 = {
			isa = PBXGroup;
			children = (
				1C0E8C9C1E7F7448006D41F5 /* DSTabBarControllerDemo */,
				1C0E8C9B1E7F7448006D41F5 /* Products */,
			);
			sourceTree = "<group>";
		};
		1C0E8C9B1E7F7448006D41F5 /* Products */ = {
			isa = PBXGroup;
			children = (
				1C0E8C9A1E7F7448006D41F5 /* DSTabBarControllerDemo.app */,
			);
			name = Products;
			sourceTree = "<group>";
		};
		1C0E8C9C1E7F7448006D41F5 /* DSTabBarControllerDemo */ = {
			isa = PBXGroup;
			children = (
				1C0E8CA01E7F7448006D41F5 /* AppDelegate.h */,
				1C0E8CA11E7F7448006D41F5 /* AppDelegate.m */,
				1CF00DEB1E7FB8B800FF35E0 /* DSFirstTableViewController.h */,
				1CF00DEC1E7FB8B800FF35E0 /* DSFirstTableViewController.m */,
				1CF00DF11E7FC3DB00FF35E0 /* DSSecondViewController.h */,
				1CF00DF21E7FC3DB00FF35E0 /* DSSecondViewController.m */,
				1C0E8CB41E7F74D1006D41F5 /* DSTabBarController */,
				1C0E8CA61E7F7448006D41F5 /* Main.storyboard */,
				1C0E8CA91E7F7448006D41F5 /* Assets.xcassets */,
				1C0E8CAB1E7F7448006D41F5 /* LaunchScreen.storyboard */,
				1C0E8CAE1E7F7448006D41F5 /* Info.plist */,
				1C0E8C9D1E7F7448006D41F5 /* Supporting Files */,
			);
			path = DSTabBarControllerDemo;
			sourceTree = "<group>";
		};
		1C0E8C9D1E7F7448006D41F5 /* Supporting Files */ = {
			isa = PBXGroup;
			children = (
				1C0E8C9E1E7F7448006D41F5 /* main.m */,
			);
			name = "Supporting Files";
			sourceTree = "<group>";
		};
		1C0E8CB41E7F74D1006D41F5 /* DSTabBarController */ = {
			isa = PBXGroup;
			children = (
				1C0E8CB51E7F74D1006D41F5 /* DSTabBar.h */,
				1C0E8CB61E7F74D1006D41F5 /* DSTabBar.m */,
				1C0E8CB71E7F74D1006D41F5 /* DSTabBarController.h */,
				1C0E8CB81E7F74D1006D41F5 /* DSTabBarController.m */,
			);
			name = DSTabBarController;
			path = ../../DSTabBarController;
			sourceTree = "<group>";
		};
/* End PBXGroup section */

/* Begin PBXNativeTarget section */
		1C0E8C991E7F7448006D41F5 /* DSTabBarControllerDemo */ = {
			isa = PBXNativeTarget;
			buildConfigurationList = 1C0E8CB11E7F7448006D41F5 /* Build configuration list for PBXNativeTarget "DSTabBarControllerDemo" */;
			buildPhases = (
				1C0E8C961E7F7448006D41F5 /* Sources */,
				1C0E8C971E7F7448006D41F5 /* Frameworks */,
				1C0E8C981E7F7448006D41F5 /* Resources */,
			);
			buildRules = (
			);
			dependencies = (
			);
			name = DSTabBarControllerDemo;
			productName = DSTabBarControllerDemo;
			productReference = 1C0E8C9A1E7F7448006D41F5 /* DSTabBarControllerDemo.app */;
			productType = "com.apple.product-type.application";
		};
/* End PBXNativeTarget section */

/* Begin PBXProject section */
		1C0E8C921E7F7448006D41F5 /* Project object */ = {
			isa = PBXProject;
			attributes = {
				LastUpgradeCheck = 0820;
				ORGANIZATIONNAME = houxq;
				TargetAttributes = {
					1C0E8C991E7F7448006D41F5 = {
						CreatedOnToolsVersion = 8.2.1;
						DevelopmentTeam = 6VU5359QS9;
						ProvisioningStyle = Automatic;
					};
				};
			};
			buildConfigurationList = 1C0E8C951E7F7448006D41F5 /* Build configuration list for PBXProject "DSTabBarControllerDemo" */;
			compatibilityVersion = "Xcode 3.2";
			developmentRegion = English;
			hasScannedForEncodings = 0;
			knownRegions = (
				en,
				Base,
			);
			mainGroup = 1C0E8C911E7F7448006D41F5;
			productRefGroup = 1C0E8C9B1E7F7448006D41F5 /* Products */;
			projectDirPath = "";
			projectRoot = "";
			targets = (
				1C0E8C991E7F7448006D41F5 /* DSTabBarControllerDemo */,
			);
		};
/* End PBXProject section */

/* Begin PBXResourcesBuildPhase section */
		1C0E8C981E7F7448006D41F5 /* Resources */ = {
			isa = PBXResourcesBuildPhase;
			buildActionMask = 2147483647;
			files = (
				1C0E8CAD1E7F7448006D41F5 /* LaunchScreen.storyboard in Resources */,
				1C0E8CAA1E7F7448006D41F5 /* Assets.xcassets in Resources */,
				1C0E8CA81E7F7448006D41F5 /* Main.storyboard in Resources */,
			);
			runOnlyForDeploymentPostprocessing = 0;
		};
/* End PBXResourcesBuildPhase section */

/* Begin PBXSourcesBuildPhase section */
		1C0E8C961E7F7448006D41F5 /* Sources */ = {
			isa = PBXSourcesBuildPhase;
			buildActionMask = 2147483647;
			files = (
				1C0E8CB91E7F74D1006D41F5 /* DSTabBar.m in Sources */,
				1CF00DF31E7FC3DB00FF35E0 /* DSSecondViewController.m in Sources */,
				1CF00DED1E7FB8B800FF35E0 /* DSFirstTableViewController.m in Sources */,
				1C0E8CA21E7F7448006D41F5 /* AppDelegate.m in Sources */,
				1C0E8CBA1E7F74D1006D41F5 /* DSTabBarController.m in Sources */,
				1C0E8C9F1E7F7448006D41F5 /* main.m in Sources */,
			);
			runOnlyForDeploymentPostprocessing = 0;
		};
/* End PBXSourcesBuildPhase section */

/* Begin PBXVariantGroup section */
		1C0E8CA61E7F7448006D41F5 /* Main.storyboard */ = {
			isa = PBXVariantGroup;
			children = (
				1C0E8CA71E7F7448006D41F5 /* Base */,
			);
			name = Main.storyboard;
			sourceTree = "<group>";
		};
		1C0E8CAB1E7F7448006D41F5 /* LaunchScreen.storyboard */ = {
			isa = PBXVariantGroup;
			children = (
				1C0E8CAC1E7F7448006D41F5 /* Base */,
			);
			name = LaunchScreen.storyboard;
			sourceTree = "<group>";
		};
/* End PBXVariantGroup section */

/* Begin XCBuildConfiguration section */
		1C0E8CAF1E7F7448006D41F5 /* Debug */ = {
			isa = XCBuildConfiguration;
			buildSettings = {
				ALWAYS_SEARCH_USER_PATHS = NO;
				CLANG_ANALYZER_NONNULL = YES;
				CLANG_CXX_LANGUAGE_STANDARD = "gnu++0x";
				CLANG_CXX_LIBRARY = "libc++";
				CLANG_ENABLE_MODULES = YES;
				CLANG_ENABLE_OBJC_ARC = YES;
				CLANG_WARN_BOOL_CONVERSION = YES;
				CLANG_WARN_CONSTANT_CONVERSION = YES;
				CLANG_WARN_DIRECT_OBJC_ISA_USAGE = YES_ERROR;
				CLANG_WARN_DOCUMENTATION_COMMENTS = YES;
				CLANG_WARN_EMPTY_BODY = YES;
				CLANG_WARN_ENUM_CONVERSION = YES;
				CLANG_WARN_INFINITE_RECURSION = YES;
				CLANG_WARN_INT_CONVERSION = YES;
				CLANG_WARN_OBJC_ROOT_CLASS = YES_ERROR;
				CLANG_WARN_SUSPICIOUS_MOVE = YES;
				CLANG_WARN_UNREACHABLE_CODE = YES;
				CLANG_WARN__DUPLICATE_METHOD_MATCH = YES;
				"CODE_SIGN_IDENTITY[sdk=iphoneos*]" = "iPhone Developer";
				COPY_PHASE_STRIP = NO;
				DEBUG_INFORMATION_FORMAT = dwarf;
				ENABLE_STRICT_OBJC_MSGSEND = YES;
				ENABLE_TESTABILITY = YES;
				GCC_C_LANGUAGE_STANDARD = gnu99;
				GCC_DYNAMIC_NO_PIC = NO;
				GCC_NO_COMMON_BLOCKS = YES;
				GCC_OPTIMIZATION_LEVEL = 0;
				GCC_PREPROCESSOR_DEFINITIONS = (
					"DEBUG=1",
					"$(inherited)",
				);
				GCC_WARN_64_TO_32_BIT_CONVERSION = YES;
				GCC_WARN_ABOUT_RETURN_TYPE = YES_ERROR;
				GCC_WARN_UNDECLARED_SELECTOR = YES;
				GCC_WARN_UNINITIALIZED_AUTOS = YES_AGGRESSIVE;
				GCC_WARN_UNUSED_FUNCTION = YES;
				GCC_WARN_UNUSED_VARIABLE = YES;
				IPHONEOS_DEPLOYMENT_TARGET = 10.2;
				MTL_ENABLE_DEBUG_INFO = YES;
				ONLY_ACTIVE_ARCH = YES;
				SDKROOT = iphoneos;
			};
			name = Debug;
		};
		1C0E8CB01E7F7448006D41F5 /* Release */ = {
			isa = XCBuildConfiguration;
			buildSettings = {
				ALWAYS_SEARCH_USER_PATHS = NO;
				CLANG_ANALYZER_NONNULL = YES;
				CLANG_CXX_LANGUAGE_STANDARD = "gnu++0x";
				CLANG_CXX_LIBRARY = "libc++";
				CLANG_ENABLE_MODULES = YES;
				CLANG_ENABLE_OBJC_ARC = YES;
				CLANG_WARN_BOOL_CONVERSION = YES;
				CLANG_WARN_CONSTANT_CONVERSION = YES;
				CLANG_WARN_DIRECT_OBJC_ISA_USAGE = YES_ERROR;
				CLANG_WARN_DOCUMENTATION_COMMENTS = YES;
				CLANG_WARN_EMPTY_BODY = YES;
				CLANG_WARN_ENUM_CONVERSION = YES;
				CLANG_WARN_INFINITE_RECURSION = YES;
				CLANG_WARN_INT_CONVERSION = YES;
				CLANG_WARN_OBJC_ROOT_CLASS = YES_ERROR;
				CLANG_WARN_SUSPICIOUS_MOVE = YES;
				CLANG_WARN_UNREACHABLE_CODE = YES;
				CLANG_WARN__DUPLICATE_METHOD_MATCH = YES;
				"CODE_SIGN_IDENTITY[sdk=iphoneos*]" = "iPhone Developer";
				COPY_PHASE_STRIP = NO;
				DEBUG_INFORMATION_FORMAT = "dwarf-with-dsym";
				ENABLE_NS_ASSERTIONS = NO;
				ENABLE_STRICT_OBJC_MSGSEND = YES;
				GCC_C_LANGUAGE_STANDARD = gnu99;
				GCC_NO_COMMON_BLOCKS = YES;
				GCC_WARN_64_TO_32_BIT_CONVERSION = YES;
				GCC_WARN_ABOUT_RETURN_TYPE = YES_ERROR;
				GCC_WARN_UNDECLARED_SELECTOR = YES;
				GCC_WARN_UNINITIALIZED_AUTOS = YES_AGGRESSIVE;
				GCC_WARN_UNUSED_FUNCTION = YES;
				GCC_WARN_UNUSED_VARIABLE = YES;
				IPHONEOS_DEPLOYMENT_TARGET = 10.2;
				MTL_ENABLE_DEBUG_INFO = NO;
				SDKROOT = iphoneos;
				VALIDATE_PRODUCT = YES;
			};
			name = Release;
		};
		1C0E8CB21E7F7448006D41F5 /* Debug */ = {
			isa = XCBuildConfiguration;
			buildSettings = {
				ASSETCATALOG_COMPILER_APPICON_NAME = AppIcon;
				"CODE_SIGN_IDENTITY[sdk=iphoneos*]" = "iPhone Developer";
				DEVELOPMENT_TEAM = 6VU5359QS9;
				INFOPLIST_FILE = DSTabBarControllerDemo/Info.plist;
				IPHONEOS_DEPLOYMENT_TARGET = 7.0;
				LD_RUNPATH_SEARCH_PATHS = "$(inherited) @executable_path/Frameworks";
				PRODUCT_BUNDLE_IDENTIFIER = com.iulm.DSTabBarControllerDemo;
				PRODUCT_NAME = "$(TARGET_NAME)";
			};
			name = Debug;
		};
		1C0E8CB31E7F7448006D41F5 /* Release */ = {
			isa = XCBuildConfiguration;
			buildSettings = {
				ASSETCATALOG_COMPILER_APPICON_NAME = AppIcon;
				"CODE_SIGN_IDENTITY[sdk=iphoneos*]" = "iPhone Developer";
				DEVELOPMENT_TEAM = 6VU5359QS9;
				INFOPLIST_FILE = DSTabBarControllerDemo/Info.plist;
				IPHONEOS_DEPLOYMENT_TARGET = 7.0;
				LD_RUNPATH_SEARCH_PATHS = "$(inherited) @executable_path/Frameworks";
				PRODUCT_BUNDLE_IDENTIFIER = com.iulm.DSTabBarControllerDemo;
				PRODUCT_NAME = "$(TARGET_NAME)";
			};
			name = Release;
		};
/* End XCBuildConfiguration section */

/* Begin XCConfigurationList section */
		1C0E8C951E7F7448006D41F5 /* Build configuration list for PBXProject "DSTabBarControllerDemo" */ = {
			isa = XCConfigurationList;
			buildConfigurations = (
				1C0E8CAF1E7F7448006D41F5 /* Debug */,
				1C0E8CB01E7F7448006D41F5 /* Release */,
			);
			defaultConfigurationIsVisible = 0;
			defaultConfigurationName = Release;
		};
		1C0E8CB11E7F7448006D41F5 /* Build configuration list for PBXNativeTarget "DSTabBarControllerDemo" */ = {
			isa = XCConfigurationList;
			buildConfigurations = (
				1C0E8CB21E7F7448006D41F5 /* Debug */,
				1C0E8CB31E7F7448006D41F5 /* Release */,
			);
			defaultConfigurationIsVisible = 0;
			defaultConfigurationName = Release;
		};
/* End XCConfigurationList section */
	};
	rootObject = 1C0E8C921E7F7448006D41F5 /* Project object */;
}
